{
  "nodes": {
    "flake-utils": {
      "locked": {
        "lastModified": 1652776076,
        "narHash": "sha256-gzTw/v1vj4dOVbpBSJX4J0DwUR6LIyXo7/SuuTJp1kM=",
        "owner": "numtide",
        "repo": "flake-utils",
        "rev": "04c1b180862888302ddfb2e3ad9eaa63afc60cf8",
        "type": "github"
      },
      "original": {
        "owner": "numtide",
        "ref": "v1.0.0",
        "repo": "flake-utils",
        "type": "github"
      }
    },
    "nixos": {
      "locked": {
        "lastModified": 1688109178,
        "narHash": "sha256-BSdeYp331G4b1yc7GIRgAnfUyaktW2nl7k0C577Tttk=",
        "owner": "NixOS",
        "repo": "nixpkgs",
        "rev": "b72aa95f7f096382bff3aea5f8fde645bca07422",
        "type": "github"
      },
      "original": {
        "owner": "NixOS",
        "ref": "nixos-23.05",
        "repo": "nixpkgs",
        "type": "github"
      }
    },
    "pythoneda-application-base": {
      "inputs": {
        "flake-utils": [
          "flake-utils"
        ],
        "nixos": [
          "nixos"
        ],
        "pythoneda-base": [
          "pythoneda-base"
        ],
        "pythoneda-infrastructure-base": [
          "pythoneda-infrastructure-base"
        ]
      },
      "locked": {
        "lastModified": 1687445405,
        "narHash": "sha256-0qkUeD85eyChdXJEX6rJw4lCwEWO7dldD9LpiwiT/tE=",
        "owner": "pythoneda-application",
        "repo": "base",
        "rev": "32169f667dd81357043c9b8d49214fcd19cdcb0f",
        "type": "github"
      },
      "original": {
        "owner": "pythoneda-application",
        "ref": "0.0.1a11",
        "repo": "base",
        "type": "github"
      }
    },
    "pythoneda-artifact-event-git-tagging": {
      "inputs": {
        "flake-utils": [
          "flake-utils"
        ],
        "nixos": [
          "nixos"
        ],
        "pythoneda-base": [
          "pythoneda-base"
        ]
      },
      "locked": {
        "lastModified": 1687939693,
        "narHash": "sha256-Tj93uxNc24ZV4+AazbYhRGg00KOvXpE8ZVCXlMOP0X8=",
        "owner": "pythoneda-artifact-event",
        "repo": "git-tagging",
        "rev": "74f5f5bd33e68fc793a110da89b92d12d1625280",
        "type": "github"
      },
      "original": {
        "owner": "pythoneda-artifact-event",
        "ref": "0.0.1a1",
        "repo": "git-tagging",
        "type": "github"
      }
    },
    "pythoneda-artifact-event-infrastructure-git-tagging": {
      "inputs": {
        "flake-utils": [
          "flake-utils"
        ],
        "nixos": [
          "nixos"
        ],
        "pythoneda-artifact-event-git-tagging": [
          "pythoneda-artifact-event-git-tagging"
        ],
        "pythoneda-base": [
          "pythoneda-base"
        ]
      },
      "locked": {
        "lastModified": 1688198418,
        "narHash": "sha256-Y0bDi2flhdEw2waPaY1+O1TWTbrLL9mmZrYKmnr0HLA=",
        "owner": "pythoneda-artifact-event-infrastructure",
        "repo": "git-tagging",
        "rev": "6b5f89c58e1bdc0e9c8bddbbf331c5b3454d306f",
        "type": "github"
      },
      "original": {
        "owner": "pythoneda-artifact-event-infrastructure",
        "ref": "0.0.1a1",
        "repo": "git-tagging",
        "type": "github"
      }
    },
    "pythoneda-artifact-git-tagging": {
      "inputs": {
        "flake-utils": [
          "flake-utils"
        ],
        "nixos": [
          "nixos"
        ],
        "pythoneda-artifact-event-git-tagging": [
          "pythoneda-artifact-event-git-tagging"
        ],
        "pythoneda-base": [
          "pythoneda-base"
        ],
        "pythoneda-shared-git": "pythoneda-shared-git"
      },
      "locked": {
        "lastModified": 1687940049,
        "narHash": "sha256-yVhCnWmTCzgZ1nwk69PzII5u9wI6nrOvaMAiDs2ZF6Y=",
        "owner": "pythoneda-artifact",
        "repo": "git-tagging",
        "rev": "e131a2b931e081c5a99c0637bdb3246ca9db8536",
        "type": "github"
      },
      "original": {
        "owner": "pythoneda-artifact",
        "ref": "0.0.1a5",
        "repo": "git-tagging",
        "type": "github"
      }
    },
    "pythoneda-artifact-infrastructure-git-tagging": {
      "inputs": {
        "flake-utils": [
          "flake-utils"
        ],
        "nixos": [
          "nixos"
        ],
        "pythoneda-artifact-git-tagging": [
          "pythoneda-artifact-git-tagging"
        ],
        "pythoneda-base": [
          "pythoneda-base"
        ],
        "pythoneda-infrastructure-base": [
          "pythoneda-infrastructure-base"
        ]
      },
      "locked": {
        "lastModified": 1687940246,
        "narHash": "sha256-ZR3ziAxVfvypG9PH/nuyOd7z+VYDUhfpI6RETg3XOrg=",
        "owner": "pythoneda-artifact-infrastructure",
        "repo": "git-tagging",
        "rev": "2a3eea8c344c84772f1c3fe0a31761528a904f42",
        "type": "github"
      },
      "original": {
        "owner": "pythoneda-artifact-infrastructure",
        "ref": "0.0.1a5",
        "repo": "git-tagging",
        "type": "github"
      }
    },
    "pythoneda-base": {
      "inputs": {
        "flake-utils": [
          "flake-utils"
        ],
        "nixos": [
          "nixos"
        ]
      },
      "locked": {
        "lastModified": 1687444738,
        "narHash": "sha256-oxyPAWP+egkj1sX/KcFggtmrwQDmgd75Yq8VTO2fIh4=",
        "owner": "pythoneda",
        "repo": "base",
        "rev": "7fff528b47b120718a093c726b942f2e8af6db15",
        "type": "github"
      },
      "original": {
        "owner": "pythoneda",
        "ref": "0.0.1a15",
        "repo": "base",
        "type": "github"
      }
    },
    "pythoneda-infrastructure-base": {
      "inputs": {
        "flake-utils": [
          "flake-utils"
        ],
        "nixos": [
          "nixos"
        ],
        "pythoneda-base": [
          "pythoneda-base"
        ]
      },
      "locked": {
        "lastModified": 1687445196,
        "narHash": "sha256-lcaaY2PJujZqL44zBKE5idIMF0NiTg1QM5nL1tMX1nM=",
        "owner": "pythoneda-infrastructure",
        "repo": "base",
        "rev": "826a4c5ec7b7ec7ee14971d318e224e03d696be5",
        "type": "github"
      },
      "original": {
        "owner": "pythoneda-infrastructure",
        "ref": "0.0.1a11",
        "repo": "base",
        "type": "github"
      }
    },
    "pythoneda-shared-git": {
      "inputs": {
        "flake-utils": [
          "pythoneda-artifact-git-tagging",
          "flake-utils"
        ],
        "nixos": [
          "pythoneda-artifact-git-tagging",
          "nixos"
        ],
        "pythoneda-base": [
          "pythoneda-artifact-git-tagging",
          "pythoneda-base"
        ]
      },
      "locked": {
        "lastModified": 1687605323,
        "narHash": "sha256-cagx0E0oEln+9JhUCS4OMT/dJOXv83iE7gTQn4iY6ss=",
        "owner": "pythoneda-shared",
        "repo": "git",
        "rev": "eb0b787c889d9162828fd740eebbcde40c96a738",
        "type": "github"
      },
      "original": {
        "owner": "pythoneda-shared",
        "ref": "0.0.1a2",
        "repo": "git",
        "type": "github"
      }
    },
    "pythoneda-shared-git_2": {
      "inputs": {
        "flake-utils": [
          "flake-utils"
        ],
        "nixos": [
          "nixos"
        ],
        "pythoneda-base": [
          "pythoneda-base"
        ]
      },
      "locked": {
        "lastModified": 1687605323,
        "narHash": "sha256-cagx0E0oEln+9JhUCS4OMT/dJOXv83iE7gTQn4iY6ss=",
        "owner": "pythoneda-shared",
        "repo": "git",
        "rev": "eb0b787c889d9162828fd740eebbcde40c96a738",
        "type": "github"
      },
      "original": {
        "owner": "pythoneda-shared",
        "ref": "0.0.1a2",
        "repo": "git",
        "type": "github"
      }
    },
    "root": {
      "inputs": {
        "flake-utils": "flake-utils",
        "nixos": "nixos",
        "pythoneda-application-base": "pythoneda-application-base",
        "pythoneda-artifact-event-git-tagging": "pythoneda-artifact-event-git-tagging",
        "pythoneda-artifact-event-infrastructure-git-tagging": "pythoneda-artifact-event-infrastructure-git-tagging",
        "pythoneda-artifact-git-tagging": "pythoneda-artifact-git-tagging",
        "pythoneda-artifact-infrastructure-git-tagging": "pythoneda-artifact-infrastructure-git-tagging",
        "pythoneda-base": "pythoneda-base",
        "pythoneda-infrastructure-base": "pythoneda-infrastructure-base",
        "pythoneda-shared-git": "pythoneda-shared-git_2"
      }
    }
  },
  "root": "root",
  "version": 7
}
