{
  "nodes": {
    "flake-utils": {
      "locked": {
        "lastModified": 1652776076,
        "narHash": "sha256-gzTw/v1vj4dOVbpBSJX4J0DwUR6LIyXo7/SuuTJp1kM=",
        "owner": "numtide",
        "repo": "flake-utils",
        "rev": "04c1b180862888302ddfb2e3ad9eaa63afc60cf8",
        "type": "github"
      },
      "original": {
        "owner": "numtide",
        "ref": "v1.0.0",
        "repo": "flake-utils",
        "type": "github"
      }
    },
    "nixos": {
      "locked": {
        "lastModified": 1687017257,
        "narHash": "sha256-jbk0Szj1DPe9KwySeMr3KzYqW1JaUKJ6lYwSLMvc1n0=",
        "owner": "NixOS",
        "repo": "nixpkgs",
        "rev": "aaef163eac75c2ac7f882c1fae4e0c08aa18d186",
        "type": "github"
      },
      "original": {
        "owner": "NixOS",
        "ref": "nixos-23.05",
        "repo": "nixpkgs",
        "type": "github"
      }
    },
    "pythoneda-application-base": {
      "inputs": {
        "flake-utils": [
          "flake-utils"
        ],
        "nixos": [
          "nixos"
        ],
        "pythoneda-base": [
          "pythoneda-base"
        ],
        "pythoneda-infrastructure-base": [
          "pythoneda-infrastructure-base"
        ]
      },
      "locked": {
        "lastModified": 1687432242,
        "narHash": "sha256-XcOVOsqnlInNFbyepZW80f6MW2jdyy4cJZvGRI9agFQ=",
        "owner": "pythoneda-application",
        "repo": "base",
        "rev": "b1d351ce8fde4d8b026842b095648ab8ce481213",
        "type": "github"
      },
      "original": {
        "owner": "pythoneda-application",
        "ref": "0.0.1a11",
        "repo": "base",
        "type": "github"
      }
    },
    "pythoneda-artifact-git-tagging": {
      "inputs": {
        "flake-utils": [
          "flake-utils"
        ],
        "nixos": [
          "nixos"
        ],
        "pythoneda-base": [
          "pythoneda-base"
        ]
      },
      "locked": {
        "lastModified": 1687445602,
        "narHash": "sha256-HG1c3ixVZAL4TPSWHC7QOoYkhi1xTFGKVc7FMkjTVdQ=",
        "owner": "pythoneda-artifact",
        "repo": "git-tagging",
        "rev": "fee7d9b261b7e2a66e6757f2f0a429691cff2a03",
        "type": "github"
      },
      "original": {
        "owner": "pythoneda-artifact",
        "ref": "0.0.1a3",
        "repo": "git-tagging",
        "type": "github"
      }
    },
    "pythoneda-artifact-infrastructure-git-tagging": {
      "inputs": {
        "flake-utils": [
          "flake-utils"
        ],
        "nixos": [
          "nixos"
        ],
        "pythoneda-artifact-git-tagging": [
          "pythoneda-artifact-git-tagging"
        ],
        "pythoneda-base": [
          "pythoneda-base"
        ],
        "pythoneda-infrastructure-base": [
          "pythoneda-infrastructure-base"
        ]
      },
      "locked": {
        "lastModified": 1687445794,
        "narHash": "sha256-LOO9rnULZkZpxuIsFWfcPGi5P/p9hYnJoaT2TUJzsts=",
        "owner": "pythoneda-artifact-infrastructure",
        "repo": "git-tagging",
        "rev": "59a09bf8bae2873222271ae0983d1e1fac7980b0",
        "type": "github"
      },
      "original": {
        "owner": "pythoneda-artifact-infrastructure",
        "ref": "0.0.1a3",
        "repo": "git-tagging",
        "type": "github"
      }
    },
    "pythoneda-base": {
      "inputs": {
        "flake-utils": [
          "flake-utils"
        ],
        "nixos": [
          "nixos"
        ]
      },
      "locked": {
        "lastModified": 1687431461,
        "narHash": "sha256-uMDB0I5vYqiHLhvMnEEaThRUEOmbT02/JNPoFwbt8Ys=",
        "owner": "pythoneda",
        "repo": "base",
        "rev": "8b756e8362ecb76fb5a960c287812ebe169c4b2d",
        "type": "github"
      },
      "original": {
        "owner": "pythoneda",
        "ref": "0.0.1a15",
        "repo": "base",
        "type": "github"
      }
    },
    "pythoneda-infrastructure-base": {
      "inputs": {
        "flake-utils": [
          "flake-utils"
        ],
        "nixos": [
          "nixos"
        ],
        "pythoneda-base": [
          "pythoneda-base"
        ]
      },
      "locked": {
        "lastModified": 1687431951,
        "narHash": "sha256-Zv84GMKI6UMk45zWQN2fjSnzoiKt2hgt0LJBswiFi9U=",
        "owner": "pythoneda-infrastructure",
        "repo": "base",
        "rev": "c0143043964a80d1424eb4b73c12c915c5581dc3",
        "type": "github"
      },
      "original": {
        "owner": "pythoneda-infrastructure",
        "ref": "0.0.1a11",
        "repo": "base",
        "type": "github"
      }
    },
    "pythoneda-shared-git": {
      "inputs": {
        "flake-utils": [
          "flake-utils"
        ],
        "nixos": [
          "nixos"
        ],
        "pythoneda-base": [
          "pythoneda-base"
        ]
      },
      "locked": {
        "lastModified": 1687461207,
        "narHash": "sha256-AXKVQFzp8Yby9gAsoDxOp/9l61ewC2CVbxx9UE0Q9KE=",
        "owner": "pythoneda-shared",
        "repo": "git",
        "rev": "6b1aa8c5fc63cf526fb158ee81350c73d799ef53",
        "type": "github"
      },
      "original": {
        "owner": "pythoneda-shared",
        "ref": "0.0.1a1",
        "repo": "git",
        "type": "github"
      }
    },
    "root": {
      "inputs": {
        "flake-utils": "flake-utils",
        "nixos": "nixos",
        "pythoneda-application-base": "pythoneda-application-base",
        "pythoneda-artifact-git-tagging": "pythoneda-artifact-git-tagging",
        "pythoneda-artifact-infrastructure-git-tagging": "pythoneda-artifact-infrastructure-git-tagging",
        "pythoneda-base": "pythoneda-base",
        "pythoneda-infrastructure-base": "pythoneda-infrastructure-base",
        "pythoneda-shared-git": "pythoneda-shared-git"
      }
    }
  },
  "root": "root",
  "version": 7
}
