{
  "nodes": {
    "flake-utils": {
      "locked": {
        "lastModified": 1652776076,
        "narHash": "sha256-gzTw/v1vj4dOVbpBSJX4J0DwUR6LIyXo7/SuuTJp1kM=",
        "owner": "numtide",
        "repo": "flake-utils",
        "rev": "04c1b180862888302ddfb2e3ad9eaa63afc60cf8",
        "type": "github"
      },
      "original": {
        "owner": "numtide",
        "ref": "v1.0.0",
        "repo": "flake-utils",
        "type": "github"
      }
    },
    "nixos": {
      "locked": {
        "lastModified": 1687017257,
        "narHash": "sha256-jbk0Szj1DPe9KwySeMr3KzYqW1JaUKJ6lYwSLMvc1n0=",
        "owner": "NixOS",
        "repo": "nixpkgs",
        "rev": "aaef163eac75c2ac7f882c1fae4e0c08aa18d186",
        "type": "github"
      },
      "original": {
        "owner": "NixOS",
        "ref": "nixos-23.05",
        "repo": "nixpkgs",
        "type": "github"
      }
    },
    "pythoneda-application-base": {
      "inputs": {
        "flake-utils": [
          "flake-utils"
        ],
        "nixos": [
          "nixos"
        ],
        "pythoneda-base": [
          "pythoneda-base"
        ],
        "pythoneda-infrastructure-base": [
          "pythoneda-infrastructure-base"
        ]
      },
      "locked": {
        "lastModified": 1687432242,
        "narHash": "sha256-XcOVOsqnlInNFbyepZW80f6MW2jdyy4cJZvGRI9agFQ=",
        "owner": "pythoneda-application",
        "repo": "base",
        "rev": "b1d351ce8fde4d8b026842b095648ab8ce481213",
        "type": "github"
      },
      "original": {
        "owner": "pythoneda-application",
        "ref": "0.0.1a11",
        "repo": "base",
        "type": "github"
      }
    },
    "pythoneda-artifact-git-tagging": {
      "inputs": {
        "flake-utils": [
          "flake-utils"
        ],
        "nixos": [
          "nixos"
        ],
        "pythoneda-base": [
          "pythoneda-base"
        ],
        "pythoneda-shared-git": "pythoneda-shared-git"
      },
      "locked": {
        "lastModified": 1687621805,
        "narHash": "sha256-Wcl8WEXqIZCI6d8Rnw+Ut+L60ovR2NCVh4BfA29sdbs=",
        "owner": "pythoneda-artifact",
        "repo": "git-tagging",
        "rev": "f766b950750dca9e7691d6be65b16174bcbfc5c8",
        "type": "github"
      },
      "original": {
        "owner": "pythoneda-artifact",
        "ref": "0.0.1a4",
        "repo": "git-tagging",
        "type": "github"
      }
    },
    "pythoneda-artifact-infrastructure-git-tagging": {
      "inputs": {
        "flake-utils": [
          "flake-utils"
        ],
        "nixos": [
          "nixos"
        ],
        "pythoneda-artifact-git-tagging": [
          "pythoneda-artifact-git-tagging"
        ],
        "pythoneda-base": [
          "pythoneda-base"
        ],
        "pythoneda-infrastructure-base": [
          "pythoneda-infrastructure-base"
        ]
      },
      "locked": {
        "lastModified": 1687621944,
        "narHash": "sha256-Pu3p/SH4lnx41dLz8InCevmekM0BQt6gvhxuz32h8gA=",
        "owner": "pythoneda-artifact-infrastructure",
        "repo": "git-tagging",
        "rev": "5b2e507e724c9abaea0f06ecf696873dea0cfafb",
        "type": "github"
      },
      "original": {
        "owner": "pythoneda-artifact-infrastructure",
        "ref": "0.0.1a4",
        "repo": "git-tagging",
        "type": "github"
      }
    },
    "pythoneda-base": {
      "inputs": {
        "flake-utils": [
          "flake-utils"
        ],
        "nixos": [
          "nixos"
        ]
      },
      "locked": {
        "lastModified": 1687431461,
        "narHash": "sha256-uMDB0I5vYqiHLhvMnEEaThRUEOmbT02/JNPoFwbt8Ys=",
        "owner": "pythoneda",
        "repo": "base",
        "rev": "8b756e8362ecb76fb5a960c287812ebe169c4b2d",
        "type": "github"
      },
      "original": {
        "owner": "pythoneda",
        "ref": "0.0.1a15",
        "repo": "base",
        "type": "github"
      }
    },
    "pythoneda-infrastructure-base": {
      "inputs": {
        "flake-utils": [
          "flake-utils"
        ],
        "nixos": [
          "nixos"
        ],
        "pythoneda-base": [
          "pythoneda-base"
        ]
      },
      "locked": {
        "lastModified": 1687431951,
        "narHash": "sha256-Zv84GMKI6UMk45zWQN2fjSnzoiKt2hgt0LJBswiFi9U=",
        "owner": "pythoneda-infrastructure",
        "repo": "base",
        "rev": "c0143043964a80d1424eb4b73c12c915c5581dc3",
        "type": "github"
      },
      "original": {
        "owner": "pythoneda-infrastructure",
        "ref": "0.0.1a11",
        "repo": "base",
        "type": "github"
      }
    },
    "pythoneda-shared-git": {
      "inputs": {
        "flake-utils": [
          "pythoneda-artifact-git-tagging",
          "flake-utils"
        ],
        "nixos": [
          "pythoneda-artifact-git-tagging",
          "nixos"
        ],
        "pythoneda-base": [
          "pythoneda-artifact-git-tagging",
          "pythoneda-base"
        ]
      },
      "locked": {
        "lastModified": 1687605323,
        "narHash": "sha256-cagx0E0oEln+9JhUCS4OMT/dJOXv83iE7gTQn4iY6ss=",
        "owner": "pythoneda-shared",
        "repo": "git",
        "rev": "eb0b787c889d9162828fd740eebbcde40c96a738",
        "type": "github"
      },
      "original": {
        "owner": "pythoneda-shared",
        "ref": "0.0.1a2",
        "repo": "git",
        "type": "github"
      }
    },
    "pythoneda-shared-git_2": {
      "inputs": {
        "flake-utils": [
          "flake-utils"
        ],
        "nixos": [
          "nixos"
        ],
        "pythoneda-base": [
          "pythoneda-base"
        ]
      },
      "locked": {
        "lastModified": 1687605323,
        "narHash": "sha256-cagx0E0oEln+9JhUCS4OMT/dJOXv83iE7gTQn4iY6ss=",
        "owner": "pythoneda-shared",
        "repo": "git",
        "rev": "eb0b787c889d9162828fd740eebbcde40c96a738",
        "type": "github"
      },
      "original": {
        "owner": "pythoneda-shared",
        "ref": "0.0.1a2",
        "repo": "git",
        "type": "github"
      }
    },
    "root": {
      "inputs": {
        "flake-utils": "flake-utils",
        "nixos": "nixos",
        "pythoneda-application-base": "pythoneda-application-base",
        "pythoneda-artifact-git-tagging": "pythoneda-artifact-git-tagging",
        "pythoneda-artifact-infrastructure-git-tagging": "pythoneda-artifact-infrastructure-git-tagging",
        "pythoneda-base": "pythoneda-base",
        "pythoneda-infrastructure-base": "pythoneda-infrastructure-base",
        "pythoneda-shared-git": "pythoneda-shared-git_2"
      }
    }
  },
  "root": "root",
  "version": 7
}
